{
  "nodes": {
    "nixpkgs": {
      "locked": {
        "lastModified": 0,
        "narHash": "sha256-TZK5X/3M1Wjyl7k8ogqIYizBVjoSNhGCAuOjJJbI3BU=",
        "path": "/nix/store/7920r5i390pksrygvcda6pq8ygzk40d3-source",
        "type": "path"
      },
      "original": {
        "id": "nixpkgs",
        "type": "indirect"
      }
    },
    "root": {
      "inputs": {
        "nixpkgs": "nixpkgs"
      }
    }
  },
  "root": "root",
  "version": 7
}
